
Microsoft Visual Studio Solution File, Format Version 12.00
# Visual Studio 15
Project("{FAE04EC0-301F-11D3-BF4B-00C04F79EFBC}") = "Assembly-CSharp", "Assembly-CSharp.csproj", "{C15BDA4B-4560-5DD2-959A-49FC6E89C36E}"
EndProject
Project("{FAE04EC0-301F-11D3-BF4B-00C04F79EFBC}") = "Assembly-CSharp-Editor", "Assembly-CSharp-Editor.csproj", "{853148F8-E8CD-C949-31B6-6638DA29F8B2}"
EndProject
Global
	GlobalSection(SolutionConfigurationPlatforms) = preSolution
		Debug|Any CPU = Debug|Any CPU
		Release|Any CPU = Release|Any CPU
	EndGlobalSection
	GlobalSection(ProjectConfigurationPlatforms) = postSolution
		{C15BDA4B-4560-5DD2-959A-49FC6E89C36E}.Debug|Any CPU.ActiveCfg = Debug|Any CPU
		{C15BDA4B-4560-5DD2-959A-49FC6E89C36E}.Debug|Any CPU.Build.0 = Debug|Any CPU
		{C15BDA4B-4560-5DD2-959A-49FC6E89C36E}.Release|Any CPU.ActiveCfg = Release|Any CPU
		{C15BDA4B-4560-5DD2-959A-49FC6E89C36E}.Release|Any CPU.Build.0 = Release|Any CPU
		{853148F8-E8CD-C949-31B6-6638DA29F8B2}.Debug|Any CPU.ActiveCfg = Debug|Any CPU
		{853148F8-E8CD-C949-31B6-6638DA29F8B2}.Debug|Any CPU.Build.0 = Debug|Any CPU
		{853148F8-E8CD-C949-31B6-6638DA29F8B2}.Release|Any CPU.ActiveCfg = Release|Any CPU
		{853148F8-E8CD-C949-31B6-6638DA29F8B2}.Release|Any CPU.Build.0 = Release|Any CPU
	EndGlobalSection
	GlobalSection(SolutionProperties) = preSolution
		HideSolutionNode = FALSE
	EndGlobalSection
EndGlobal
